// !$*UTF8*$!
{
	archiveVersion = 1;
	classes = {
	};
	objectVersion = 56;
	objects = {

/* Begin PBXBuildFile section */
		9220D5912BF8E400009DDC58 /* StartButtonView.swift in Sources */ = {isa = PBXBuildFile; fileRef = 9220D5902BF8E400009DDC58 /* StartButtonView.swift */; };
		9220D5942BF8E89B009DDC58 /* OnboardingView.swift in Sources */ = {isa = PBXBuildFile; fileRef = 9220D5932BF8E89B009DDC58 /* OnboardingView.swift */; };
		926CBD392BFB808F00009305 /* SettingsRowView.swift in Sources */ = {isa = PBXBuildFile; fileRef = 926CBD382BFB808F00009305 /* SettingsRowView.swift */; };
		927080392C13348D00C32A2B /* Onboarding Screen.png in Resources */ = {isa = PBXBuildFile; fileRef = 927080342C13348900C32A2B /* Onboarding Screen.png */; };
		9270803A2C13348D00C32A2B /* Fruit Detail Screen.png in Resources */ = {isa = PBXBuildFile; fileRef = 927080352C13348A00C32A2B /* Fruit Detail Screen.png */; };
		9270803B2C13348D00C32A2B /* Fruit List Screen.png in Resources */ = {isa = PBXBuildFile; fileRef = 927080362C13348A00C32A2B /* Fruit List Screen.png */; };
		9270803C2C13348D00C32A2B /* App Recording.mp4 in Resources */ = {isa = PBXBuildFile; fileRef = 927080372C13348D00C32A2B /* App Recording.mp4 */; };
		9270803D2C13348D00C32A2B /* Settings Screen.png in Resources */ = {isa = PBXBuildFile; fileRef = 927080382C13348D00C32A2B /* Settings Screen.png */; };
		92C6C8CA2BF8D6DF00D15C63 /* FructusApp.swift in Sources */ = {isa = PBXBuildFile; fileRef = 92C6C8C92BF8D6DF00D15C63 /* FructusApp.swift */; };
		92C6C8CC2BF8D6DF00D15C63 /* ContentView.swift in Sources */ = {isa = PBXBuildFile; fileRef = 92C6C8CB2BF8D6DF00D15C63 /* ContentView.swift */; };
		92C6C8CE2BF8D6E300D15C63 /* Assets.xcassets in Resources */ = {isa = PBXBuildFile; fileRef = 92C6C8CD2BF8D6E300D15C63 /* Assets.xcassets */; };
		92C6C8D12BF8D6E300D15C63 /* Preview Assets.xcassets in Resources */ = {isa = PBXBuildFile; fileRef = 92C6C8D02BF8D6E300D15C63 /* Preview Assets.xcassets */; };
		92C6C8DB2BF8DC4A00D15C63 /* FruitCardView.swift in Sources */ = {isa = PBXBuildFile; fileRef = 92C6C8DA2BF8DC4A00D15C63 /* FruitCardView.swift */; };
		92CBB2D52BF92BB500DC3D90 /* FruitModel.swift in Sources */ = {isa = PBXBuildFile; fileRef = 92CBB2D42BF92BB500DC3D90 /* FruitModel.swift */; };
		92CBB2D82BF92EAD00DC3D90 /* FruitData.swift in Sources */ = {isa = PBXBuildFile; fileRef = 92CBB2D72BF92EAD00DC3D90 /* FruitData.swift */; };
		92CBB2DB2BF94BC500DC3D90 /* FruitRowView.swift in Sources */ = {isa = PBXBuildFile; fileRef = 92CBB2DA2BF94BC500DC3D90 /* FruitRowView.swift */; };
		92CBB2DD2BF956E800DC3D90 /* FruitDetailView.swift in Sources */ = {isa = PBXBuildFile; fileRef = 92CBB2DC2BF956E800DC3D90 /* FruitDetailView.swift */; };
		92CBB2DF2BF95A4400DC3D90 /* FruitHeaderView.swift in Sources */ = {isa = PBXBuildFile; fileRef = 92CBB2DE2BF95A4400DC3D90 /* FruitHeaderView.swift */; };
		92CBB2E12BF95CD400DC3D90 /* SourceLinkView.swift in Sources */ = {isa = PBXBuildFile; fileRef = 92CBB2E02BF95CD400DC3D90 /* SourceLinkView.swift */; };
		92CBB2E32BF9670400DC3D90 /* FruitNutrientsView.swift in Sources */ = {isa = PBXBuildFile; fileRef = 92CBB2E22BF9670400DC3D90 /* FruitNutrientsView.swift */; };
		92CBB2E52BF96DA600DC3D90 /* SettingsView.swift in Sources */ = {isa = PBXBuildFile; fileRef = 92CBB2E42BF96DA600DC3D90 /* SettingsView.swift */; };
		92CBB2E72BF9727600DC3D90 /* SettingsLabelView.swift in Sources */ = {isa = PBXBuildFile; fileRef = 92CBB2E62BF9727600DC3D90 /* SettingsLabelView.swift */; };
/* End PBXBuildFile section */

/* Begin PBXFileReference section */
		9220D5902BF8E400009DDC58 /* StartButtonView.swift */ = {isa = PBXFileReference; lastKnownFileType = sourcecode.swift; path = StartButtonView.swift; sourceTree = "<group>"; };
		9220D5932BF8E89B009DDC58 /* OnboardingView.swift */ = {isa = PBXFileReference; lastKnownFileType = sourcecode.swift; path = OnboardingView.swift; sourceTree = "<group>"; };
		926CBD382BFB808F00009305 /* SettingsRowView.swift */ = {isa = PBXFileReference; lastKnownFileType = sourcecode.swift; name = SettingsRowView.swift; path = Fructus/App/SettingsRowView.swift; sourceTree = SOURCE_ROOT; };
		927080342C13348900C32A2B /* Onboarding Screen.png */ = {isa = PBXFileReference; lastKnownFileType = image.png; path = "Onboarding Screen.png"; sourceTree = "<group>"; };
		927080352C13348A00C32A2B /* Fruit Detail Screen.png */ = {isa = PBXFileReference; lastKnownFileType = image.png; path = "Fruit Detail Screen.png"; sourceTree = "<group>"; };
		927080362C13348A00C32A2B /* Fruit List Screen.png */ = {isa = PBXFileReference; lastKnownFileType = image.png; path = "Fruit List Screen.png"; sourceTree = "<group>"; };
		927080372C13348D00C32A2B /* App Recording.mp4 */ = {isa = PBXFileReference; lastKnownFileType = file; path = "App Recording.mp4"; sourceTree = "<group>"; };
		927080382C13348D00C32A2B /* Settings Screen.png */ = {isa = PBXFileReference; lastKnownFileType = image.png; path = "Settings Screen.png"; sourceTree = "<group>"; };
		92C6C8C62BF8D6DF00D15C63 /* Fructus.app */ = {isa = PBXFileReference; explicitFileType = wrapper.application; includeInIndex = 0; path = Fructus.app; sourceTree = BUILT_PRODUCTS_DIR; };
		92C6C8C92BF8D6DF00D15C63 /* FructusApp.swift */ = {isa = PBXFileReference; lastKnownFileType = sourcecode.swift; path = FructusApp.swift; sourceTree = "<group>"; };
		92C6C8CB2BF8D6DF00D15C63 /* ContentView.swift */ = {isa = PBXFileReference; lastKnownFileType = sourcecode.swift; path = ContentView.swift; sourceTree = "<group>"; };
		92C6C8CD2BF8D6E300D15C63 /* Assets.xcassets */ = {isa = PBXFileReference; lastKnownFileType = folder.assetcatalog; path = Assets.xcassets; sourceTree = "<group>"; };
		92C6C8D02BF8D6E300D15C63 /* Preview Assets.xcassets */ = {isa = PBXFileReference; lastKnownFileType = folder.assetcatalog; path = "Preview Assets.xcassets"; sourceTree = "<group>"; };
		92C6C8DA2BF8DC4A00D15C63 /* FruitCardView.swift */ = {isa = PBXFileReference; lastKnownFileType = sourcecode.swift; path = FruitCardView.swift; sourceTree = "<group>"; };
		92CBB2D42BF92BB500DC3D90 /* FruitModel.swift */ = {isa = PBXFileReference; lastKnownFileType = sourcecode.swift; path = FruitModel.swift; sourceTree = "<group>"; };
		92CBB2D72BF92EAD00DC3D90 /* FruitData.swift */ = {isa = PBXFileReference; lastKnownFileType = sourcecode.swift; path = FruitData.swift; sourceTree = "<group>"; };
		92CBB2D92BF93C1800DC3D90 /* Info.plist */ = {isa = PBXFileReference; lastKnownFileType = text.plist; path = Info.plist; sourceTree = "<group>"; };
		92CBB2DA2BF94BC500DC3D90 /* FruitRowView.swift */ = {isa = PBXFileReference; lastKnownFileType = sourcecode.swift; path = FruitRowView.swift; sourceTree = "<group>"; };
		92CBB2DC2BF956E800DC3D90 /* FruitDetailView.swift */ = {isa = PBXFileReference; lastKnownFileType = sourcecode.swift; path = FruitDetailView.swift; sourceTree = "<group>"; };
		92CBB2DE2BF95A4400DC3D90 /* FruitHeaderView.swift */ = {isa = PBXFileReference; lastKnownFileType = sourcecode.swift; path = FruitHeaderView.swift; sourceTree = "<group>"; };
		92CBB2E02BF95CD400DC3D90 /* SourceLinkView.swift */ = {isa = PBXFileReference; lastKnownFileType = sourcecode.swift; path = SourceLinkView.swift; sourceTree = "<group>"; };
		92CBB2E22BF9670400DC3D90 /* FruitNutrientsView.swift */ = {isa = PBXFileReference; lastKnownFileType = sourcecode.swift; path = FruitNutrientsView.swift; sourceTree = "<group>"; };
		92CBB2E42BF96DA600DC3D90 /* SettingsView.swift */ = {isa = PBXFileReference; lastKnownFileType = sourcecode.swift; path = SettingsView.swift; sourceTree = "<group>"; };
		92CBB2E62BF9727600DC3D90 /* SettingsLabelView.swift */ = {isa = PBXFileReference; lastKnownFileType = sourcecode.swift; name = SettingsLabelView.swift; path = Fructus/App/SettingsLabelView.swift; sourceTree = SOURCE_ROOT; };
/* End PBXFileReference section */

/* Begin PBXFrameworksBuildPhase section */
		92C6C8C32BF8D6DF00D15C63 /* Frameworks */ = {
			isa = PBXFrameworksBuildPhase;
			buildActionMask = 2147483647;
			files = (
			);
			runOnlyForDeploymentPostprocessing = 0;
		};
/* End PBXFrameworksBuildPhase section */

/* Begin PBXGroup section */
		927080332C13347300C32A2B /* App Screenshots */ = {
			isa = PBXGroup;
			children = (
				927080372C13348D00C32A2B /* App Recording.mp4 */,
				927080352C13348A00C32A2B /* Fruit Detail Screen.png */,
				927080362C13348A00C32A2B /* Fruit List Screen.png */,
				927080342C13348900C32A2B /* Onboarding Screen.png */,
				927080382C13348D00C32A2B /* Settings Screen.png */,
			);
			path = "App Screenshots";
			sourceTree = "<group>";
		};
		92C6C8BD2BF8D6DF00D15C63 = {
			isa = PBXGroup;
			children = (
				92C6C8C82BF8D6DF00D15C63 /* Fructus */,
				92C6C8C72BF8D6DF00D15C63 /* Products */,
			);
			sourceTree = "<group>";
		};
		92C6C8C72BF8D6DF00D15C63 /* Products */ = {
			isa = PBXGroup;
			children = (
				92C6C8C62BF8D6DF00D15C63 /* Fructus.app */,
			);
			name = Products;
			sourceTree = "<group>";
		};
		92C6C8C82BF8D6DF00D15C63 /* Fructus */ = {
			isa = PBXGroup;
			children = (
				927080332C13347300C32A2B /* App Screenshots */,
				92CBB2D92BF93C1800DC3D90 /* Info.plist */,
				92C6C8C92BF8D6DF00D15C63 /* FructusApp.swift */,
				92C6C8D72BF8DBDC00D15C63 /* App */,
				92C6C8D82BF8DBE300D15C63 /* Views */,
				92C6C8D92BF8DBEA00D15C63 /* Models */,
				92CBB2D62BF92E9400DC3D90 /* Data */,
				92C6C8CD2BF8D6E300D15C63 /* Assets.xcassets */,
				92C6C8CF2BF8D6E300D15C63 /* Preview Content */,
			);
			path = Fructus;
			sourceTree = "<group>";
		};
		92C6C8CF2BF8D6E300D15C63 /* Preview Content */ = {
			isa = PBXGroup;
			children = (
				92C6C8D02BF8D6E300D15C63 /* Preview Assets.xcassets */,
			);
			path = "Preview Content";
			sourceTree = "<group>";
		};
		92C6C8D72BF8DBDC00D15C63 /* App */ = {
			isa = PBXGroup;
			children = (
				92C6C8CB2BF8D6DF00D15C63 /* ContentView.swift */,
				9220D5932BF8E89B009DDC58 /* OnboardingView.swift */,
				92CBB2DC2BF956E800DC3D90 /* FruitDetailView.swift */,
				92CBB2E42BF96DA600DC3D90 /* SettingsView.swift */,
			);
			path = App;
			sourceTree = "<group>";
		};
		92C6C8D82BF8DBE300D15C63 /* Views */ = {
			isa = PBXGroup;
			children = (
				926CBD382BFB808F00009305 /* SettingsRowView.swift */,
				92CBB2E62BF9727600DC3D90 /* SettingsLabelView.swift */,
				92C6C8DA2BF8DC4A00D15C63 /* FruitCardView.swift */,
				9220D5902BF8E400009DDC58 /* StartButtonView.swift */,
				92CBB2DA2BF94BC500DC3D90 /* FruitRowView.swift */,
				92CBB2DE2BF95A4400DC3D90 /* FruitHeaderView.swift */,
				92CBB2E02BF95CD400DC3D90 /* SourceLinkView.swift */,
				92CBB2E22BF9670400DC3D90 /* FruitNutrientsView.swift */,
			);
			path = Views;
			sourceTree = "<group>";
		};
		92C6C8D92BF8DBEA00D15C63 /* Models */ = {
			isa = PBXGroup;
			children = (
				92CBB2D42BF92BB500DC3D90 /* FruitModel.swift */,
			);
			path = Models;
			sourceTree = "<group>";
		};
		92CBB2D62BF92E9400DC3D90 /* Data */ = {
			isa = PBXGroup;
			children = (
				92CBB2D72BF92EAD00DC3D90 /* FruitData.swift */,
			);
			path = Data;
			sourceTree = "<group>";
		};
/* End PBXGroup section */

/* Begin PBXNativeTarget section */
		92C6C8C52BF8D6DF00D15C63 /* Fructus */ = {
			isa = PBXNativeTarget;
			buildConfigurationList = 92C6C8D42BF8D6E300D15C63 /* Build configuration list for PBXNativeTarget "Fructus" */;
			buildPhases = (
				92C6C8C22BF8D6DF00D15C63 /* Sources */,
				92C6C8C32BF8D6DF00D15C63 /* Frameworks */,
				92C6C8C42BF8D6DF00D15C63 /* Resources */,
			);
			buildRules = (
			);
			dependencies = (
			);
			name = Fructus;
			productName = Fructus;
			productReference = 92C6C8C62BF8D6DF00D15C63 /* Fructus.app */;
			productType = "com.apple.product-type.application";
		};
/* End PBXNativeTarget section */

/* Begin PBXProject section */
		92C6C8BE2BF8D6DF00D15C63 /* Project object */ = {
			isa = PBXProject;
			attributes = {
				BuildIndependentTargetsInParallel = 1;
				LastSwiftUpdateCheck = 1520;
				LastUpgradeCheck = 1520;
				TargetAttributes = {
					92C6C8C52BF8D6DF00D15C63 = {
						CreatedOnToolsVersion = 15.2;
					};
				};
			};
			buildConfigurationList = 92C6C8C12BF8D6DF00D15C63 /* Build configuration list for PBXProject "Fructus" */;
			compatibilityVersion = "Xcode 14.0";
			developmentRegion = en;
			hasScannedForEncodings = 0;
			knownRegions = (
				en,
				Base,
			);
			mainGroup = 92C6C8BD2BF8D6DF00D15C63;
			productRefGroup = 92C6C8C72BF8D6DF00D15C63 /* Products */;
			projectDirPath = "";
			projectRoot = "";
			targets = (
				92C6C8C52BF8D6DF00D15C63 /* Fructus */,
			);
		};
/* End PBXProject section */

/* Begin PBXResourcesBuildPhase section */
		92C6C8C42BF8D6DF00D15C63 /* Resources */ = {
			isa = PBXResourcesBuildPhase;
			buildActionMask = 2147483647;
			files = (
				927080392C13348D00C32A2B /* Onboarding Screen.png in Resources */,
				92C6C8D12BF8D6E300D15C63 /* Preview Assets.xcassets in Resources */,
				9270803C2C13348D00C32A2B /* App Recording.mp4 in Resources */,
				9270803D2C13348D00C32A2B /* Settings Screen.png in Resources */,
				9270803B2C13348D00C32A2B /* Fruit List Screen.png in Resources */,
				92C6C8CE2BF8D6E300D15C63 /* Assets.xcassets in Resources */,
				9270803A2C13348D00C32A2B /* Fruit Detail Screen.png in Resources */,
			);
			runOnlyForDeploymentPostprocessing = 0;
		};
/* End PBXResourcesBuildPhase section */

/* Begin PBXSourcesBuildPhase section */
		92C6C8C22BF8D6DF00D15C63 /* Sources */ = {
			isa = PBXSourcesBuildPhase;
			buildActionMask = 2147483647;
			files = (
				92CBB2D82BF92EAD00DC3D90 /* FruitData.swift in Sources */,
				92CBB2E12BF95CD400DC3D90 /* SourceLinkView.swift in Sources */,
				926CBD392BFB808F00009305 /* SettingsRowView.swift in Sources */,
				92C6C8DB2BF8DC4A00D15C63 /* FruitCardView.swift in Sources */,
				92CBB2DB2BF94BC500DC3D90 /* FruitRowView.swift in Sources */,
				92CBB2E32BF9670400DC3D90 /* FruitNutrientsView.swift in Sources */,
				9220D5912BF8E400009DDC58 /* StartButtonView.swift in Sources */,
				92CBB2DD2BF956E800DC3D90 /* FruitDetailView.swift in Sources */,
				92C6C8CC2BF8D6DF00D15C63 /* ContentView.swift in Sources */,
				92CBB2DF2BF95A4400DC3D90 /* FruitHeaderView.swift in Sources */,
				9220D5942BF8E89B009DDC58 /* OnboardingView.swift in Sources */,
				92CBB2E72BF9727600DC3D90 /* SettingsLabelView.swift in Sources */,
				92CBB2D52BF92BB500DC3D90 /* FruitModel.swift in Sources */,
				92C6C8CA2BF8D6DF00D15C63 /* FructusApp.swift in Sources */,
				92CBB2E52BF96DA600DC3D90 /* SettingsView.swift in Sources */,
			);
			runOnlyForDeploymentPostprocessing = 0;
		};
/* End PBXSourcesBuildPhase section */

/* Begin XCBuildConfiguration section */
		92C6C8D22BF8D6E300D15C63 /* Debug */ = {
			isa = XCBuildConfiguration;
			buildSettings = {
				ALWAYS_SEARCH_USER_PATHS = NO;
				ASSETCATALOG_COMPILER_GENERATE_SWIFT_ASSET_SYMBOL_EXTENSIONS = YES;
				CLANG_ANALYZER_NONNULL = YES;
				CLANG_ANALYZER_NUMBER_OBJECT_CONVERSION = YES_AGGRESSIVE;
				CLANG_CXX_LANGUAGE_STANDARD = "gnu++20";
				CLANG_ENABLE_MODULES = YES;
				CLANG_ENABLE_OBJC_ARC = YES;
				CLANG_ENABLE_OBJC_WEAK = YES;
				CLANG_WARN_BLOCK_CAPTURE_AUTORELEASING = YES;
				CLANG_WARN_BOOL_CONVERSION = YES;
				CLANG_WARN_COMMA = YES;
				CLANG_WARN_CONSTANT_CONVERSION = YES;
				CLANG_WARN_DEPRECATED_OBJC_IMPLEMENTATIONS = YES;
				CLANG_WARN_DIRECT_OBJC_ISA_USAGE = YES_ERROR;
				CLANG_WARN_DOCUMENTATION_COMMENTS = YES;
				CLANG_WARN_EMPTY_BODY = YES;
				CLANG_WARN_ENUM_CONVERSION = YES;
				CLANG_WARN_INFINITE_RECURSION = YES;
				CLANG_WARN_INT_CONVERSION = YES;
				CLANG_WARN_NON_LITERAL_NULL_CONVERSION = YES;
				CLANG_WARN_OBJC_IMPLICIT_RETAIN_SELF = YES;
				CLANG_WARN_OBJC_LITERAL_CONVERSION = YES;
				CLANG_WARN_OBJC_ROOT_CLASS = YES_ERROR;
				CLANG_WARN_QUOTED_INCLUDE_IN_FRAMEWORK_HEADER = YES;
				CLANG_WARN_RANGE_LOOP_ANALYSIS = YES;
				CLANG_WARN_STRICT_PROTOTYPES = YES;
				CLANG_WARN_SUSPICIOUS_MOVE = YES;
				CLANG_WARN_UNGUARDED_AVAILABILITY = YES_AGGRESSIVE;
				CLANG_WARN_UNREACHABLE_CODE = YES;
				CLANG_WARN__DUPLICATE_METHOD_MATCH = YES;
				COPY_PHASE_STRIP = NO;
				DEBUG_INFORMATION_FORMAT = dwarf;
				ENABLE_STRICT_OBJC_MSGSEND = YES;
				ENABLE_TESTABILITY = YES;
				ENABLE_USER_SCRIPT_SANDBOXING = YES;
				GCC_C_LANGUAGE_STANDARD = gnu17;
				GCC_DYNAMIC_NO_PIC = NO;
				GCC_NO_COMMON_BLOCKS = YES;
				GCC_OPTIMIZATION_LEVEL = 0;
				GCC_PREPROCESSOR_DEFINITIONS = (
					"DEBUG=1",
					"$(inherited)",
				);
				GCC_WARN_64_TO_32_BIT_CONVERSION = YES;
				GCC_WARN_ABOUT_RETURN_TYPE = YES_ERROR;
				GCC_WARN_UNDECLARED_SELECTOR = YES;
				GCC_WARN_UNINITIALIZED_AUTOS = YES_AGGRESSIVE;
				GCC_WARN_UNUSED_FUNCTION = YES;
				GCC_WARN_UNUSED_VARIABLE = YES;
				IPHONEOS_DEPLOYMENT_TARGET = 17.2;
				LOCALIZATION_PREFERS_STRING_CATALOGS = YES;
				MTL_ENABLE_DEBUG_INFO = INCLUDE_SOURCE;
				MTL_FAST_MATH = YES;
				ONLY_ACTIVE_ARCH = YES;
				SDKROOT = iphoneos;
				SWIFT_ACTIVE_COMPILATION_CONDITIONS = "DEBUG $(inherited)";
				SWIFT_OPTIMIZATION_LEVEL = "-Onone";
			};
			name = Debug;
		};
		92C6C8D32BF8D6E300D15C63 /* Release */ = {
			isa = XCBuildConfiguration;
			buildSettings = {
				ALWAYS_SEARCH_USER_PATHS = NO;
				ASSETCATALOG_COMPILER_GENERATE_SWIFT_ASSET_SYMBOL_EXTENSIONS = YES;
				CLANG_ANALYZER_NONNULL = YES;
				CLANG_ANALYZER_NUMBER_OBJECT_CONVERSION = YES_AGGRESSIVE;
				CLANG_CXX_LANGUAGE_STANDARD = "gnu++20";
				CLANG_ENABLE_MODULES = YES;
				CLANG_ENABLE_OBJC_ARC = YES;
				CLANG_ENABLE_OBJC_WEAK = YES;
				CLANG_WARN_BLOCK_CAPTURE_AUTORELEASING = YES;
				CLANG_WARN_BOOL_CONVERSION = YES;
				CLANG_WARN_COMMA = YES;
				CLANG_WARN_CONSTANT_CONVERSION = YES;
				CLANG_WARN_DEPRECATED_OBJC_IMPLEMENTATIONS = YES;
				CLANG_WARN_DIRECT_OBJC_ISA_USAGE = YES_ERROR;
				CLANG_WARN_DOCUMENTATION_COMMENTS = YES;
				CLANG_WARN_EMPTY_BODY = YES;
				CLANG_WARN_ENUM_CONVERSION = YES;
				CLANG_WARN_INFINITE_RECURSION = YES;
				CLANG_WARN_INT_CONVERSION = YES;
				CLANG_WARN_NON_LITERAL_NULL_CONVERSION = YES;
				CLANG_WARN_OBJC_IMPLICIT_RETAIN_SELF = YES;
				CLANG_WARN_OBJC_LITERAL_CONVERSION = YES;
				CLANG_WARN_OBJC_ROOT_CLASS = YES_ERROR;
				CLANG_WARN_QUOTED_INCLUDE_IN_FRAMEWORK_HEADER = YES;
				CLANG_WARN_RANGE_LOOP_ANALYSIS = YES;
				CLANG_WARN_STRICT_PROTOTYPES = YES;
				CLANG_WARN_SUSPICIOUS_MOVE = YES;
				CLANG_WARN_UNGUARDED_AVAILABILITY = YES_AGGRESSIVE;
				CLANG_WARN_UNREACHABLE_CODE = YES;
				CLANG_WARN__DUPLICATE_METHOD_MATCH = YES;
				COPY_PHASE_STRIP = NO;
				DEBUG_INFORMATION_FORMAT = "dwarf-with-dsym";
				ENABLE_NS_ASSERTIONS = NO;
				ENABLE_STRICT_OBJC_MSGSEND = YES;
				ENABLE_USER_SCRIPT_SANDBOXING = YES;
				GCC_C_LANGUAGE_STANDARD = gnu17;
				GCC_NO_COMMON_BLOCKS = YES;
				GCC_WARN_64_TO_32_BIT_CONVERSION = YES;
				GCC_WARN_ABOUT_RETURN_TYPE = YES_ERROR;
				GCC_WARN_UNDECLARED_SELECTOR = YES;
				GCC_WARN_UNINITIALIZED_AUTOS = YES_AGGRESSIVE;
				GCC_WARN_UNUSED_FUNCTION = YES;
				GCC_WARN_UNUSED_VARIABLE = YES;
				IPHONEOS_DEPLOYMENT_TARGET = 17.2;
				LOCALIZATION_PREFERS_STRING_CATALOGS = YES;
				MTL_ENABLE_DEBUG_INFO = NO;
				MTL_FAST_MATH = YES;
				SDKROOT = iphoneos;
				SWIFT_COMPILATION_MODE = wholemodule;
				VALIDATE_PRODUCT = YES;
			};
			name = Release;
		};
		92C6C8D52BF8D6E300D15C63 /* Debug */ = {
			isa = XCBuildConfiguration;
			buildSettings = {
				ASSETCATALOG_COMPILER_APPICON_NAME = AppIcon;
				ASSETCATALOG_COMPILER_GLOBAL_ACCENT_COLOR_NAME = AccentColor;
				CODE_SIGN_STYLE = Automatic;
				CURRENT_PROJECT_VERSION = 1;
				DEVELOPMENT_ASSET_PATHS = "\"Fructus/Preview Content\"";
				DEVELOPMENT_TEAM = T4WHK2DA5L;
				ENABLE_PREVIEWS = YES;
				GENERATE_INFOPLIST_FILE = YES;
				INFOPLIST_FILE = Fructus/Info.plist;
				INFOPLIST_KEY_UIApplicationSceneManifest_Generation = YES;
				INFOPLIST_KEY_UIApplicationSupportsIndirectInputEvents = YES;
				INFOPLIST_KEY_UILaunchScreen_Generation = YES;
				INFOPLIST_KEY_UISupportedInterfaceOrientations = UIInterfaceOrientationPortrait;
				INFOPLIST_KEY_UISupportedInterfaceOrientations_iPad = "UIInterfaceOrientationLandscapeLeft UIInterfaceOrientationLandscapeRight UIInterfaceOrientationPortrait UIInterfaceOrientationPortraitUpsideDown";
				LD_RUNPATH_SEARCH_PATHS = (
					"$(inherited)",
					"@executable_path/Frameworks",
				);
				MARKETING_VERSION = 1.0;
				PRODUCT_BUNDLE_IDENTIFIER = com.paul.Fructus;
				PRODUCT_NAME = "$(TARGET_NAME)";
				SWIFT_EMIT_LOC_STRINGS = YES;
				SWIFT_VERSION = 5.0;
				TARGETED_DEVICE_FAMILY = "1,2";
			};
			name = Debug;
		};
		92C6C8D62BF8D6E300D15C63 /* Release */ = {
			isa = XCBuildConfiguration;
			buildSettings = {
				ASSETCATALOG_COMPILER_APPICON_NAME = AppIcon;
				ASSETCATALOG_COMPILER_GLOBAL_ACCENT_COLOR_NAME = AccentColor;
				CODE_SIGN_STYLE = Automatic;
				CURRENT_PROJECT_VERSION = 1;
				DEVELOPMENT_ASSET_PATHS = "\"Fructus/Preview Content\"";
				DEVELOPMENT_TEAM = T4WHK2DA5L;
				ENABLE_PREVIEWS = YES;
				GENERATE_INFOPLIST_FILE = YES;
				INFOPLIST_FILE = Fructus/Info.plist;
				INFOPLIST_KEY_UIApplicationSceneManifest_Generation = YES;
				INFOPLIST_KEY_UIApplicationSupportsIndirectInputEvents = YES;
				INFOPLIST_KEY_UILaunchScreen_Generation = YES;
				INFOPLIST_KEY_UISupportedInterfaceOrientations = UIInterfaceOrientationPortrait;
				INFOPLIST_KEY_UISupportedInterfaceOrientations_iPad = "UIInterfaceOrientationLandscapeLeft UIInterfaceOrientationLandscapeRight UIInterfaceOrientationPortrait UIInterfaceOrientationPortraitUpsideDown";
				LD_RUNPATH_SEARCH_PATHS = (
					"$(inherited)",
					"@executable_path/Frameworks",
				);
				MARKETING_VERSION = 1.0;
				PRODUCT_BUNDLE_IDENTIFIER = com.paul.Fructus;
				PRODUCT_NAME = "$(TARGET_NAME)";
				SWIFT_EMIT_LOC_STRINGS = YES;
				SWIFT_VERSION = 5.0;
				TARGETED_DEVICE_FAMILY = "1,2";
			};
			name = Release;
		};
/* End XCBuildConfiguration section */

/* Begin XCConfigurationList section */
		92C6C8C12BF8D6DF00D15C63 /* Build configuration list for PBXProject "Fructus" */ = {
			isa = XCConfigurationList;
			buildConfigurations = (
				92C6C8D22BF8D6E300D15C63 /* Debug */,
				92C6C8D32BF8D6E300D15C63 /* Release */,
			);
			defaultConfigurationIsVisible = 0;
			defaultConfigurationName = Release;
		};
		92C6C8D42BF8D6E300D15C63 /* Build configuration list for PBXNativeTarget "Fructus" */ = {
			isa = XCConfigurationList;
			buildConfigurations = (
				92C6C8D52BF8D6E300D15C63 /* Debug */,
				92C6C8D62BF8D6E300D15C63 /* Release */,
			);
			defaultConfigurationIsVisible = 0;
			defaultConfigurationName = Release;
		};
/* End XCConfigurationList section */
	};
	rootObject = 92C6C8BE2BF8D6DF00D15C63 /* Project object */;
}
